
Microsoft Visual Studio Solution File, Format Version 12.00
# Visual Studio Version 16
VisualStudioVersion = 16.0.29926.136
MinimumVisualStudioVersion = 10.0.40219.1
Project("{9A19103F-16F7-4668-BE54-9A1E7A4F7556}") = "L51", "L51\L51.csproj", "{1895052B-7790-40C5-928B-D4D3AEB3D81F}"
EndProject
Project("{FAE04EC0-301F-11D3-BF4B-00C04F79EFBC}") = "UnitTestProject1", "UnitTestProject1\UnitTestProject1.csproj", "{1E68FA0A-2534-491E-96AD-C98C56C09065}"
EndProject
Global
	GlobalSection(SolutionConfigurationPlatforms) = preSolution
		Debug|Any CPU = Debug|Any CPU
		Release|Any CPU = Release|Any CPU
	EndGlobalSection
	GlobalSection(ProjectConfigurationPlatforms) = postSolution
		{1895052B-7790-40C5-928B-D4D3AEB3D81F}.Debug|Any CPU.ActiveCfg = Debug|Any CPU
		{1895052B-7790-40C5-928B-D4D3AEB3D81F}.Debug|Any CPU.Build.0 = Debug|Any CPU
		{1895052B-7790-40C5-928B-D4D3AEB3D81F}.Release|Any CPU.ActiveCfg = Release|Any CPU
		{1895052B-7790-40C5-928B-D4D3AEB3D81F}.Release|Any CPU.Build.0 = Release|Any CPU
		{1E68FA0A-2534-491E-96AD-C98C56C09065}.Debug|Any CPU.ActiveCfg = Debug|Any CPU
		{1E68FA0A-2534-491E-96AD-C98C56C09065}.Debug|Any CPU.Build.0 = Debug|Any CPU
		{1E68FA0A-2534-491E-96AD-C98C56C09065}.Release|Any CPU.ActiveCfg = Release|Any CPU
		{1E68FA0A-2534-491E-96AD-C98C56C09065}.Release|Any CPU.Build.0 = Release|Any CPU
	EndGlobalSection
	GlobalSection(SolutionProperties) = preSolution
		HideSolutionNode = FALSE
	EndGlobalSection
	GlobalSection(ExtensibilityGlobals) = postSolution
		SolutionGuid = {78CA973D-321F-4FE3-95AC-50FAF928167F}
	EndGlobalSection
EndGlobal
